
Microsoft Visual Studio Solution File, Format Version 12.00
# Visual Studio Version 17
VisualStudioVersion = 17.14.36301.6 d17.14
MinimumVisualStudioVersion = 10.0.40219.1
Project("{FAE04EC0-301F-11D3-BF4B-00C04F79EFBC}") = "WheatherApp", "WheatherApp\WheatherApp.csproj", "{0657DB95-CAF4-44D3-BD11-F794270DFD10}"
EndProject
Project("{FAE04EC0-301F-11D3-BF4B-00C04F79EFBC}") = "Wheather.Models", "Wheather.Models\Wheather.Models.csproj", "{311CA22C-9541-4552-AD57-837A7877DBD8}"
EndProject
Project("{FAE04EC0-301F-11D3-BF4B-00C04F79EFBC}") = "Wheather.Data", "Wheather.Data\Wheather.Data.csproj", "{3D8BE9BC-81D3-4009-A240-AFC833C7E85C}"
EndProject
Project("{FAE04EC0-301F-11D3-BF4B-00C04F79EFBC}") = "Wheather.Service", "Wheather.Service\Wheather.Service.csproj", "{0CADD374-5B49-4513-874D-5192353BBCEC}"
EndProject
Project("{FAE04EC0-301F-11D3-BF4B-00C04F79EFBC}") = "Wheather.ServiceContract", "Wheather.ServiceContract\Wheather.ServiceContract.csproj", "{47865169-2071-4511-BB3C-B28F2A3821D1}"
EndProject
Global
	GlobalSection(SolutionConfigurationPlatforms) = preSolution
		Debug|Any CPU = Debug|Any CPU
		Release|Any CPU = Release|Any CPU
	EndGlobalSection
	GlobalSection(ProjectConfigurationPlatforms) = postSolution
		{0657DB95-CAF4-44D3-BD11-F794270DFD10}.Debug|Any CPU.ActiveCfg = Debug|Any CPU
		{0657DB95-CAF4-44D3-BD11-F794270DFD10}.Debug|Any CPU.Build.0 = Debug|Any CPU
		{0657DB95-CAF4-44D3-BD11-F794270DFD10}.Release|Any CPU.ActiveCfg = Release|Any CPU
		{0657DB95-CAF4-44D3-BD11-F794270DFD10}.Release|Any CPU.Build.0 = Release|Any CPU
		{311CA22C-9541-4552-AD57-837A7877DBD8}.Debug|Any CPU.ActiveCfg = Debug|Any CPU
		{311CA22C-9541-4552-AD57-837A7877DBD8}.Debug|Any CPU.Build.0 = Debug|Any CPU
		{311CA22C-9541-4552-AD57-837A7877DBD8}.Release|Any CPU.ActiveCfg = Release|Any CPU
		{311CA22C-9541-4552-AD57-837A7877DBD8}.Release|Any CPU.Build.0 = Release|Any CPU
		{3D8BE9BC-81D3-4009-A240-AFC833C7E85C}.Debug|Any CPU.ActiveCfg = Debug|Any CPU
		{3D8BE9BC-81D3-4009-A240-AFC833C7E85C}.Debug|Any CPU.Build.0 = Debug|Any CPU
		{3D8BE9BC-81D3-4009-A240-AFC833C7E85C}.Release|Any CPU.ActiveCfg = Release|Any CPU
		{3D8BE9BC-81D3-4009-A240-AFC833C7E85C}.Release|Any CPU.Build.0 = Release|Any CPU
		{0CADD374-5B49-4513-874D-5192353BBCEC}.Debug|Any CPU.ActiveCfg = Debug|Any CPU
		{0CADD374-5B49-4513-874D-5192353BBCEC}.Debug|Any CPU.Build.0 = Debug|Any CPU
		{0CADD374-5B49-4513-874D-5192353BBCEC}.Release|Any CPU.ActiveCfg = Release|Any CPU
		{0CADD374-5B49-4513-874D-5192353BBCEC}.Release|Any CPU.Build.0 = Release|Any CPU
		{47865169-2071-4511-BB3C-B28F2A3821D1}.Debug|Any CPU.ActiveCfg = Debug|Any CPU
		{47865169-2071-4511-BB3C-B28F2A3821D1}.Debug|Any CPU.Build.0 = Debug|Any CPU
		{47865169-2071-4511-BB3C-B28F2A3821D1}.Release|Any CPU.ActiveCfg = Release|Any CPU
		{47865169-2071-4511-BB3C-B28F2A3821D1}.Release|Any CPU.Build.0 = Release|Any CPU
	EndGlobalSection
	GlobalSection(SolutionProperties) = preSolution
		HideSolutionNode = FALSE
	EndGlobalSection
	GlobalSection(ExtensibilityGlobals) = postSolution
		SolutionGuid = {10551C65-C3D8-4EA3-ABA0-1B477730C6B8}
	EndGlobalSection
EndGlobal
